
Microsoft Visual Studio Solution File, Format Version 12.00
# Visual Studio 14
VisualStudioVersion = 14.0.25420.1
MinimumVisualStudioVersion = 10.0.40219.1
Project("{FAE04EC0-301F-11D3-BF4B-00C04F79EFBC}") = "MandatoryA", "MandatoryA\MandatoryA.csproj", "{CE34C334-9AF2-4E64-AE59-5826E31A21F5}"
EndProject
Project("{FAE04EC0-301F-11D3-BF4B-00C04F79EFBC}") = "MandatoryA.Tests", "MandatoryA.Tests\MandatoryA.Tests.csproj", "{9DE855E6-BDF6-41E3-AECF-D826C256FED5}"
EndProject
Global
	GlobalSection(SolutionConfigurationPlatforms) = preSolution
		Debug|Any CPU = Debug|Any CPU
		Release|Any CPU = Release|Any CPU
	EndGlobalSection
	GlobalSection(ProjectConfigurationPlatforms) = postSolution
		{CE34C334-9AF2-4E64-AE59-5826E31A21F5}.Debug|Any CPU.ActiveCfg = Debug|Any CPU
		{CE34C334-9AF2-4E64-AE59-5826E31A21F5}.Debug|Any CPU.Build.0 = Debug|Any CPU
		{CE34C334-9AF2-4E64-AE59-5826E31A21F5}.Release|Any CPU.ActiveCfg = Release|Any CPU
		{CE34C334-9AF2-4E64-AE59-5826E31A21F5}.Release|Any CPU.Build.0 = Release|Any CPU
		{9DE855E6-BDF6-41E3-AECF-D826C256FED5}.Debug|Any CPU.ActiveCfg = Debug|Any CPU
		{9DE855E6-BDF6-41E3-AECF-D826C256FED5}.Debug|Any CPU.Build.0 = Debug|Any CPU
		{9DE855E6-BDF6-41E3-AECF-D826C256FED5}.Release|Any CPU.ActiveCfg = Release|Any CPU
		{9DE855E6-BDF6-41E3-AECF-D826C256FED5}.Release|Any CPU.Build.0 = Release|Any CPU
	EndGlobalSection
	GlobalSection(SolutionProperties) = preSolution
		HideSolutionNode = FALSE
	EndGlobalSection
EndGlobal
